// !$*UTF8*$!
{
	archiveVersion = 1;
	classes = {
	};
	objectVersion = 50;
	objects = {

/* Begin PBXBuildFile section */
		9AD3EB79033A7E2415F46A73 /* Pods_DrawerViewExample.framework in Frameworks */ = {isa = PBXBuildFile; fileRef = 335E64B717A6C3AFE3D20C75 /* Pods_DrawerViewExample.framework */; };
		9F7F4DA9213EC27A008D1933 /* AppDelegate.swift in Sources */ = {isa = PBXBuildFile; fileRef = 9F7F4DA8213EC27A008D1933 /* AppDelegate.swift */; };
		9F7F4DAB213EC27A008D1933 /* ViewController.swift in Sources */ = {isa = PBXBuildFile; fileRef = 9F7F4DAA213EC27A008D1933 /* ViewController.swift */; };
		9F7F4DAE213EC27A008D1933 /* Main.storyboard in Resources */ = {isa = PBXBuildFile; fileRef = 9F7F4DAC213EC27A008D1933 /* Main.storyboard */; };
		9F7F4DB0213EC27B008D1933 /* Assets.xcassets in Resources */ = {isa = PBXBuildFile; fileRef = 9F7F4DAF213EC27B008D1933 /* Assets.xcassets */; };
		9F7F4DB3213EC27B008D1933 /* LaunchScreen.storyboard in Resources */ = {isa = PBXBuildFile; fileRef = 9F7F4DB1213EC27B008D1933 /* LaunchScreen.storyboard */; };
		9F7F4DBB213EC347008D1933 /* DrawerView.swift in Sources */ = {isa = PBXBuildFile; fileRef = 9F7F4DBA213EC347008D1933 /* DrawerView.swift */; };
/* End PBXBuildFile section */

/* Begin PBXFileReference section */
		1305860E0C70615385A069CD /* Pods-DrawerViewExample.debug.xcconfig */ = {isa = PBXFileReference; includeInIndex = 1; lastKnownFileType = text.xcconfig; name = "Pods-DrawerViewExample.debug.xcconfig"; path = "Pods/Target Support Files/Pods-DrawerViewExample/Pods-DrawerViewExample.debug.xcconfig"; sourceTree = "<group>"; };
		335E64B717A6C3AFE3D20C75 /* Pods_DrawerViewExample.framework */ = {isa = PBXFileReference; explicitFileType = wrapper.framework; includeInIndex = 0; path = Pods_DrawerViewExample.framework; sourceTree = BUILT_PRODUCTS_DIR; };
		5EB8487FFA0AFC3A817A4997 /* Pods-DrawerViewExample.release.xcconfig */ = {isa = PBXFileReference; includeInIndex = 1; lastKnownFileType = text.xcconfig; name = "Pods-DrawerViewExample.release.xcconfig"; path = "Pods/Target Support Files/Pods-DrawerViewExample/Pods-DrawerViewExample.release.xcconfig"; sourceTree = "<group>"; };
		9F7F4DA5213EC27A008D1933 /* DrawerViewExample.app */ = {isa = PBXFileReference; explicitFileType = wrapper.application; includeInIndex = 0; path = DrawerViewExample.app; sourceTree = BUILT_PRODUCTS_DIR; };
		9F7F4DA8213EC27A008D1933 /* AppDelegate.swift */ = {isa = PBXFileReference; lastKnownFileType = sourcecode.swift; path = AppDelegate.swift; sourceTree = "<group>"; };
		9F7F4DAA213EC27A008D1933 /* ViewController.swift */ = {isa = PBXFileReference; lastKnownFileType = sourcecode.swift; path = ViewController.swift; sourceTree = "<group>"; };
		9F7F4DAD213EC27A008D1933 /* Base */ = {isa = PBXFileReference; lastKnownFileType = file.storyboard; name = Base; path = Base.lproj/Main.storyboard; sourceTree = "<group>"; };
		9F7F4DAF213EC27B008D1933 /* Assets.xcassets */ = {isa = PBXFileReference; lastKnownFileType = folder.assetcatalog; path = Assets.xcassets; sourceTree = "<group>"; };
		9F7F4DB2213EC27B008D1933 /* Base */ = {isa = PBXFileReference; lastKnownFileType = file.storyboard; name = Base; path = Base.lproj/LaunchScreen.storyboard; sourceTree = "<group>"; };
		9F7F4DB4213EC27B008D1933 /* Info.plist */ = {isa = PBXFileReference; lastKnownFileType = text.plist.xml; path = Info.plist; sourceTree = "<group>"; };
		9F7F4DBA213EC347008D1933 /* DrawerView.swift */ = {isa = PBXFileReference; fileEncoding = 4; lastKnownFileType = sourcecode.swift; path = DrawerView.swift; sourceTree = "<group>"; };
/* End PBXFileReference section */

/* Begin PBXFrameworksBuildPhase section */
		9F7F4DA2213EC27A008D1933 /* Frameworks */ = {
			isa = PBXFrameworksBuildPhase;
			buildActionMask = 2147483647;
			files = (
				9AD3EB79033A7E2415F46A73 /* Pods_DrawerViewExample.framework in Frameworks */,
			);
			runOnlyForDeploymentPostprocessing = 0;
		};
/* End PBXFrameworksBuildPhase section */

/* Begin PBXGroup section */
		9F7F4D9C213EC27A008D1933 = {
			isa = PBXGroup;
			children = (
				9F7F4DA7213EC27A008D1933 /* DrawerViewExample */,
				9F7F4DA6213EC27A008D1933 /* Products */,
				ED175F24B39831A6566853BD /* Pods */,
				A518D21BB59B88CAE2D46F0A /* Frameworks */,
			);
			sourceTree = "<group>";
		};
		9F7F4DA6213EC27A008D1933 /* Products */ = {
			isa = PBXGroup;
			children = (
				9F7F4DA5213EC27A008D1933 /* DrawerViewExample.app */,
			);
			name = Products;
			sourceTree = "<group>";
		};
		9F7F4DA7213EC27A008D1933 /* DrawerViewExample */ = {
			isa = PBXGroup;
			children = (
				9F7F4DA8213EC27A008D1933 /* AppDelegate.swift */,
				9F7F4DAA213EC27A008D1933 /* ViewController.swift */,
				9F7F4DBA213EC347008D1933 /* DrawerView.swift */,
				9F7F4DAC213EC27A008D1933 /* Main.storyboard */,
				9F7F4DAF213EC27B008D1933 /* Assets.xcassets */,
				9F7F4DB1213EC27B008D1933 /* LaunchScreen.storyboard */,
				9F7F4DB4213EC27B008D1933 /* Info.plist */,
			);
			path = DrawerViewExample;
			sourceTree = "<group>";
		};
		A518D21BB59B88CAE2D46F0A /* Frameworks */ = {
			isa = PBXGroup;
			children = (
				335E64B717A6C3AFE3D20C75 /* Pods_DrawerViewExample.framework */,
			);
			name = Frameworks;
			sourceTree = "<group>";
		};
		ED175F24B39831A6566853BD /* Pods */ = {
			isa = PBXGroup;
			children = (
				1305860E0C70615385A069CD /* Pods-DrawerViewExample.debug.xcconfig */,
				5EB8487FFA0AFC3A817A4997 /* Pods-DrawerViewExample.release.xcconfig */,
			);
			name = Pods;
			sourceTree = "<group>";
		};
/* End PBXGroup section */

/* Begin PBXNativeTarget section */
		9F7F4DA4213EC27A008D1933 /* DrawerViewExample */ = {
			isa = PBXNativeTarget;
			buildConfigurationList = 9F7F4DB7213EC27B008D1933 /* Build configuration list for PBXNativeTarget "DrawerViewExample" */;
			buildPhases = (
				EB54E2AE6A77128B8216797B /* [CP] Check Pods Manifest.lock */,
				9F7F4DA1213EC27A008D1933 /* Sources */,
				9F7F4DA2213EC27A008D1933 /* Frameworks */,
				9F7F4DA3213EC27A008D1933 /* Resources */,
				A18D8F8B7FF96CD10BCD8ED4 /* [CP] Embed Pods Frameworks */,
			);
			buildRules = (
			);
			dependencies = (
			);
			name = DrawerViewExample;
			productName = DrawerViewExample;
			productReference = 9F7F4DA5213EC27A008D1933 /* DrawerViewExample.app */;
			productType = "com.apple.product-type.application";
		};
/* End PBXNativeTarget section */

/* Begin PBXProject section */
		9F7F4D9D213EC27A008D1933 /* Project object */ = {
			isa = PBXProject;
			attributes = {
				LastSwiftUpdateCheck = 0940;
				LastUpgradeCheck = 0940;
				ORGANIZATIONNAME = Novoda;
				TargetAttributes = {
					9F7F4DA4213EC27A008D1933 = {
						CreatedOnToolsVersion = 9.4.1;
					};
				};
			};
			buildConfigurationList = 9F7F4DA0213EC27A008D1933 /* Build configuration list for PBXProject "DrawerViewExample" */;
			compatibilityVersion = "Xcode 9.3";
			developmentRegion = en;
			hasScannedForEncodings = 0;
			knownRegions = (
				en,
				Base,
			);
			mainGroup = 9F7F4D9C213EC27A008D1933;
			productRefGroup = 9F7F4DA6213EC27A008D1933 /* Products */;
			projectDirPath = "";
			projectRoot = "";
			targets = (
				9F7F4DA4213EC27A008D1933 /* DrawerViewExample */,
			);
		};
/* End PBXProject section */

/* Begin PBXResourcesBuildPhase section */
		9F7F4DA3213EC27A008D1933 /* Resources */ = {
			isa = PBXResourcesBuildPhase;
			buildActionMask = 2147483647;
			files = (
				9F7F4DB3213EC27B008D1933 /* LaunchScreen.storyboard in Resources */,
				9F7F4DB0213EC27B008D1933 /* Assets.xcassets in Resources */,
				9F7F4DAE213EC27A008D1933 /* Main.storyboard in Resources */,
			);
			runOnlyForDeploymentPostprocessing = 0;
		};
/* End PBXResourcesBuildPhase section */

/* Begin PBXShellScriptBuildPhase section */
		A18D8F8B7FF96CD10BCD8ED4 /* [CP] Embed Pods Frameworks */ = {
			isa = PBXShellScriptBuildPhase;
			buildActionMask = 2147483647;
			files = (
			);
			inputPaths = (
				"${SRCROOT}/Pods/Target Support Files/Pods-DrawerViewExample/Pods-DrawerViewExample-frameworks.sh",
				"${BUILT_PRODUCTS_DIR}/TinyConstraints/TinyConstraints.framework",
			);
			name = "[CP] Embed Pods Frameworks";
			outputPaths = (
				"${TARGET_BUILD_DIR}/${FRAMEWORKS_FOLDER_PATH}/TinyConstraints.framework",
			);
			runOnlyForDeploymentPostprocessing = 0;
			shellPath = /bin/sh;
			shellScript = "\"${SRCROOT}/Pods/Target Support Files/Pods-DrawerViewExample/Pods-DrawerViewExample-frameworks.sh\"\n";
			showEnvVarsInLog = 0;
		};
		EB54E2AE6A77128B8216797B /* [CP] Check Pods Manifest.lock */ = {
			isa = PBXShellScriptBuildPhase;
			buildActionMask = 2147483647;
			files = (
			);
			inputPaths = (
				"${PODS_PODFILE_DIR_PATH}/Podfile.lock",
				"${PODS_ROOT}/Manifest.lock",
			);
			name = "[CP] Check Pods Manifest.lock";
			outputPaths = (
				"$(DERIVED_FILE_DIR)/Pods-DrawerViewExample-checkManifestLockResult.txt",
			);
			runOnlyForDeploymentPostprocessing = 0;
			shellPath = /bin/sh;
			shellScript = "diff \"${PODS_PODFILE_DIR_PATH}/Podfile.lock\" \"${PODS_ROOT}/Manifest.lock\" > /dev/null\nif [ $? != 0 ] ; then\n    # print error to STDERR\n    echo \"error: The sandbox is not in sync with the Podfile.lock. Run 'pod install' or update your CocoaPods installation.\" >&2\n    exit 1\nfi\n# This output is used by Xcode 'outputs' to avoid re-running this script phase.\necho \"SUCCESS\" > \"${SCRIPT_OUTPUT_FILE_0}\"\n";
			showEnvVarsInLog = 0;
		};
/* End PBXShellScriptBuildPhase section */

/* Begin PBXSourcesBuildPhase section */
		9F7F4DA1213EC27A008D1933 /* Sources */ = {
			isa = PBXSourcesBuildPhase;
			buildActionMask = 2147483647;
			files = (
				9F7F4DBB213EC347008D1933 /* DrawerView.swift in Sources */,
				9F7F4DAB213EC27A008D1933 /* ViewController.swift in Sources */,
				9F7F4DA9213EC27A008D1933 /* AppDelegate.swift in Sources */,
			);
			runOnlyForDeploymentPostprocessing = 0;
		};
/* End PBXSourcesBuildPhase section */

/* Begin PBXVariantGroup section */
		9F7F4DAC213EC27A008D1933 /* Main.storyboard */ = {
			isa = PBXVariantGroup;
			children = (
				9F7F4DAD213EC27A008D1933 /* Base */,
			);
			name = Main.storyboard;
			sourceTree = "<group>";
		};
		9F7F4DB1213EC27B008D1933 /* LaunchScreen.storyboard */ = {
			isa = PBXVariantGroup;
			children = (
				9F7F4DB2213EC27B008D1933 /* Base */,
			);
			name = LaunchScreen.storyboard;
			sourceTree = "<group>";
		};
/* End PBXVariantGroup section */

/* Begin XCBuildConfiguration section */
		9F7F4DB5213EC27B008D1933 /* Debug */ = {
			isa = XCBuildConfiguration;
			buildSettings = {
				ALWAYS_SEARCH_USER_PATHS = NO;
				CLANG_ANALYZER_NONNULL = YES;
				CLANG_ANALYZER_NUMBER_OBJECT_CONVERSION = YES_AGGRESSIVE;
				CLANG_CXX_LANGUAGE_STANDARD = "gnu++14";
				CLANG_CXX_LIBRARY = "libc++";
				CLANG_ENABLE_MODULES = YES;
				CLANG_ENABLE_OBJC_ARC = YES;
				CLANG_ENABLE_OBJC_WEAK = YES;
				CLANG_WARN_BLOCK_CAPTURE_AUTORELEASING = YES;
				CLANG_WARN_BOOL_CONVERSION = YES;
				CLANG_WARN_COMMA = YES;
				CLANG_WARN_CONSTANT_CONVERSION = YES;
				CLANG_WARN_DEPRECATED_OBJC_IMPLEMENTATIONS = YES;
				CLANG_WARN_DIRECT_OBJC_ISA_USAGE = YES_ERROR;
				CLANG_WARN_DOCUMENTATION_COMMENTS = YES;
				CLANG_WARN_EMPTY_BODY = YES;
				CLANG_WARN_ENUM_CONVERSION = YES;
				CLANG_WARN_INFINITE_RECURSION = YES;
				CLANG_WARN_INT_CONVERSION = YES;
				CLANG_WARN_NON_LITERAL_NULL_CONVERSION = YES;
				CLANG_WARN_OBJC_IMPLICIT_RETAIN_SELF = YES;
				CLANG_WARN_OBJC_LITERAL_CONVERSION = YES;
				CLANG_WARN_OBJC_ROOT_CLASS = YES_ERROR;
				CLANG_WARN_RANGE_LOOP_ANALYSIS = YES;
				CLANG_WARN_STRICT_PROTOTYPES = YES;
				CLANG_WARN_SUSPICIOUS_MOVE = YES;
				CLANG_WARN_UNGUARDED_AVAILABILITY = YES_AGGRESSIVE;
				CLANG_WARN_UNREACHABLE_CODE = YES;
				CLANG_WARN__DUPLICATE_METHOD_MATCH = YES;
				CODE_SIGN_IDENTITY = "iPhone Developer";
				COPY_PHASE_STRIP = NO;
				DEBUG_INFORMATION_FORMAT = dwarf;
				ENABLE_STRICT_OBJC_MSGSEND = YES;
				ENABLE_TESTABILITY = YES;
				GCC_C_LANGUAGE_STANDARD = gnu11;
				GCC_DYNAMIC_NO_PIC = NO;
				GCC_NO_COMMON_BLOCKS = YES;
				GCC_OPTIMIZATION_LEVEL = 0;
				GCC_PREPROCESSOR_DEFINITIONS = (
					"DEBUG=1",
					"$(inherited)",
				);
				GCC_WARN_64_TO_32_BIT_CONVERSION = YES;
				GCC_WARN_ABOUT_RETURN_TYPE = YES_ERROR;
				GCC_WARN_UNDECLARED_SELECTOR = YES;
				GCC_WARN_UNINITIALIZED_AUTOS = YES_AGGRESSIVE;
				GCC_WARN_UNUSED_FUNCTION = YES;
				GCC_WARN_UNUSED_VARIABLE = YES;
				IPHONEOS_DEPLOYMENT_TARGET = 11.4;
				MTL_ENABLE_DEBUG_INFO = YES;
				ONLY_ACTIVE_ARCH = YES;
				SDKROOT = iphoneos;
				SWIFT_ACTIVE_COMPILATION_CONDITIONS = DEBUG;
				SWIFT_OPTIMIZATION_LEVEL = "-Onone";
			};
			name = Debug;
		};
		9F7F4DB6213EC27B008D1933 /* Release */ = {
			isa = XCBuildConfiguration;
			buildSettings = {
				ALWAYS_SEARCH_USER_PATHS = NO;
				CLANG_ANALYZER_NONNULL = YES;
				CLANG_ANALYZER_NUMBER_OBJECT_CONVERSION = YES_AGGRESSIVE;
				CLANG_CXX_LANGUAGE_STANDARD = "gnu++14";
				CLANG_CXX_LIBRARY = "libc++";
				CLANG_ENABLE_MODULES = YES;
				CLANG_ENABLE_OBJC_ARC = YES;
				CLANG_ENABLE_OBJC_WEAK = YES;
				CLANG_WARN_BLOCK_CAPTURE_AUTORELEASING = YES;
				CLANG_WARN_BOOL_CONVERSION = YES;
				CLANG_WARN_COMMA = YES;
				CLANG_WARN_CONSTANT_CONVERSION = YES;
				CLANG_WARN_DEPRECATED_OBJC_IMPLEMENTATIONS = YES;
				CLANG_WARN_DIRECT_OBJC_ISA_USAGE = YES_ERROR;
				CLANG_WARN_DOCUMENTATION_COMMENTS = YES;
				CLANG_WARN_EMPTY_BODY = YES;
				CLANG_WARN_ENUM_CONVERSION = YES;
				CLANG_WARN_INFINITE_RECURSION = YES;
				CLANG_WARN_INT_CONVERSION = YES;
				CLANG_WARN_NON_LITERAL_NULL_CONVERSION = YES;
				CLANG_WARN_OBJC_IMPLICIT_RETAIN_SELF = YES;
				CLANG_WARN_OBJC_LITERAL_CONVERSION = YES;
				CLANG_WARN_OBJC_ROOT_CLASS = YES_ERROR;
				CLANG_WARN_RANGE_LOOP_ANALYSIS = YES;
				CLANG_WARN_STRICT_PROTOTYPES = YES;
				CLANG_WARN_SUSPICIOUS_MOVE = YES;
				CLANG_WARN_UNGUARDED_AVAILABILITY = YES_AGGRESSIVE;
				CLANG_WARN_UNREACHABLE_CODE = YES;
				CLANG_WARN__DUPLICATE_METHOD_MATCH = YES;
				CODE_SIGN_IDENTITY = "iPhone Developer";
				COPY_PHASE_STRIP = NO;
				DEBUG_INFORMATION_FORMAT = "dwarf-with-dsym";
				ENABLE_NS_ASSERTIONS = NO;
				ENABLE_STRICT_OBJC_MSGSEND = YES;
				GCC_C_LANGUAGE_STANDARD = gnu11;
				GCC_NO_COMMON_BLOCKS = YES;
				GCC_WARN_64_TO_32_BIT_CONVERSION = YES;
				GCC_WARN_ABOUT_RETURN_TYPE = YES_ERROR;
				GCC_WARN_UNDECLARED_SELECTOR = YES;
				GCC_WARN_UNINITIALIZED_AUTOS = YES_AGGRESSIVE;
				GCC_WARN_UNUSED_FUNCTION = YES;
				GCC_WARN_UNUSED_VARIABLE = YES;
				IPHONEOS_DEPLOYMENT_TARGET = 11.4;
				MTL_ENABLE_DEBUG_INFO = NO;
				SDKROOT = iphoneos;
				SWIFT_COMPILATION_MODE = wholemodule;
				SWIFT_OPTIMIZATION_LEVEL = "-O";
				VALIDATE_PRODUCT = YES;
			};
			name = Release;
		};
		9F7F4DB8213EC27B008D1933 /* Debug */ = {
			isa = XCBuildConfiguration;
			baseConfigurationReference = 1305860E0C70615385A069CD /* Pods-DrawerViewExample.debug.xcconfig */;
			buildSettings = {
				ASSETCATALOG_COMPILER_APPICON_NAME = AppIcon;
				CODE_SIGN_STYLE = Automatic;
				INFOPLIST_FILE = DrawerViewExample/Info.plist;
				IPHONEOS_DEPLOYMENT_TARGET = 10.0;
				LD_RUNPATH_SEARCH_PATHS = (
					"$(inherited)",
					"@executable_path/Frameworks",
				);
				PRODUCT_BUNDLE_IDENTIFIER = com.oetkerdigital.backen.DrawerViewExample;
				PRODUCT_NAME = "$(TARGET_NAME)";
				SWIFT_VERSION = 4.0;
				TARGETED_DEVICE_FAMILY = "1,2";
			};
			name = Debug;
		};
		9F7F4DB9213EC27B008D1933 /* Release */ = {
			isa = XCBuildConfiguration;
			baseConfigurationReference = 5EB8487FFA0AFC3A817A4997 /* Pods-DrawerViewExample.release.xcconfig */;
			buildSettings = {
				ASSETCATALOG_COMPILER_APPICON_NAME = AppIcon;
				CODE_SIGN_STYLE = Automatic;
				INFOPLIST_FILE = DrawerViewExample/Info.plist;
				IPHONEOS_DEPLOYMENT_TARGET = 10.0;
				LD_RUNPATH_SEARCH_PATHS = (
					"$(inherited)",
					"@executable_path/Frameworks",
				);
				PRODUCT_BUNDLE_IDENTIFIER = com.oetkerdigital.backen.DrawerViewExample;
				PRODUCT_NAME = "$(TARGET_NAME)";
				SWIFT_VERSION = 4.0;
				TARGETED_DEVICE_FAMILY = "1,2";
			};
			name = Release;
		};
/* End XCBuildConfiguration section */

/* Begin XCConfigurationList section */
		9F7F4DA0213EC27A008D1933 /* Build configuration list for PBXProject "DrawerViewExample" */ = {
			isa = XCConfigurationList;
			buildConfigurations = (
				9F7F4DB5213EC27B008D1933 /* Debug */,
				9F7F4DB6213EC27B008D1933 /* Release */,
			);
			defaultConfigurationIsVisible = 0;
			defaultConfigurationName = Release;
		};
		9F7F4DB7213EC27B008D1933 /* Build configuration list for PBXNativeTarget "DrawerViewExample" */ = {
			isa = XCConfigurationList;
			buildConfigurations = (
				9F7F4DB8213EC27B008D1933 /* Debug */,
				9F7F4DB9213EC27B008D1933 /* Release */,
			);
			defaultConfigurationIsVisible = 0;
			defaultConfigurationName = Release;
		};
/* End XCConfigurationList section */
	};
	rootObject = 9F7F4D9D213EC27A008D1933 /* Project object */;
}
