# THIS IS AN AUTOGENERATED FILE. DO NOT EDIT THIS FILE DIRECTLY.
# yarn lockfile v1


bindings@*:
  version "1.3.0"
  resolved "https://registry.yarnpkg.com/bindings/-/bindings-1.3.0.tgz#b346f6ecf6a95f5a815c5839fc7cdb22502f1ed7"

bindings@~1.2.1:
  version "1.2.1"
  resolved "https://registry.yarnpkg.com/bindings/-/bindings-1.2.1.tgz#14ad6113812d2d37d72e67b4cacb4bb726505f11"

nan@*:
  version "2.6.2"
  resolved "https://registry.yarnpkg.com/nan/-/nan-2.6.2.tgz#e4ff34e6c95fdfb5aecc08de6596f43605a7db45"

nan@~2.5.0:
  version "2.5.1"
  resolved "https://registry.yarnpkg.com/nan/-/nan-2.5.1.tgz#d5b01691253326a97a2bbee9e61c55d8d60351e2"

rpio@^0.9.17:
  version "0.9.17"
  resolved "https://registry.yarnpkg.com/rpio/-/rpio-0.9.17.tgz#f816c0950911dec6727b425f6900799af659397e"
  dependencies:
    bindings "*"
    nan "*"

spi-device@^0.2.6:
  version "0.2.6"
  resolved "https://registry.yarnpkg.com/spi-device/-/spi-device-0.2.6.tgz#b66a2c375800b2a80541765422e154e0b9fc6c4f"
  dependencies:
    bindings "~1.2.1"
    nan "~2.5.0"
