{
  "object": {
    "pins": [
      {
        "package": "Cryptor",
        "repositoryURL": "https://github.com/IBM-Swift/BlueCryptor.git",
        "state": {
          "branch": null,
          "revision": "6e83ae419817e7272f2f80a7a005a26df366dd8e",
          "version": "1.0.31"
        }
      },
      {
        "package": "Signals",
        "repositoryURL": "https://github.com/IBM-Swift/BlueSignals.git",
        "state": {
          "branch": null,
          "revision": "6d13339441e687695f9980303594304599a03560",
          "version": "1.0.20"
        }
      },
      {
        "package": "Socket",
        "repositoryURL": "https://github.com/IBM-Swift/BlueSocket.git",
        "state": {
          "branch": null,
          "revision": "49cab699e9f151eeb870ab93d14642425e824c19",
          "version": "1.0.49"
        }
      },
      {
        "package": "SSLService",
        "repositoryURL": "https://github.com/IBM-Swift/BlueSSLService.git",
        "state": {
          "branch": null,
          "revision": "de36b4d078a12fffba982d17f59d2b7ca587bec9",
          "version": "1.0.49"
        }
      },
      {
        "package": "CloudEnvironment",
        "repositoryURL": "https://github.com/IBM-Swift/CloudEnvironment.git",
        "state": {
          "branch": null,
          "revision": "91f4da3c5d24804bb7bbba98705f1c722d453ad8",
          "version": "9.1.0"
        }
      },
      {
        "package": "Configuration",
        "repositoryURL": "https://github.com/IBM-Swift/Configuration.git",
        "state": {
          "branch": null,
          "revision": "da98da148509a3d7bd61fe01e7ade8926b52026b",
          "version": "3.0.4"
        }
      },
      {
        "package": "FileKit",
        "repositoryURL": "https://github.com/IBM-Swift/FileKit.git",
        "state": {
          "branch": null,
          "revision": "26911acde61a3556b7583f84180048ea6a03973c",
          "version": "0.0.2"
        }
      },
      {
        "package": "Health",
        "repositoryURL": "https://github.com/IBM-Swift/Health.git",
        "state": {
          "branch": null,
          "revision": "dcfc99814a289a9e02e408aa609c311c3151b60d",
          "version": "1.0.5"
        }
      },
      {
        "package": "HeliumLogger",
        "repositoryURL": "https://github.com/IBM-Swift/HeliumLogger.git",
        "state": {
          "branch": null,
          "revision": "146a36c2a91270e4213fa7d7e8192cd2e55d0ace",
          "version": "1.9.0"
        }
      },
      {
        "package": "Kitura",
        "repositoryURL": "https://github.com/IBM-Swift/Kitura.git",
        "state": {
          "branch": null,
          "revision": "eb2b3b4a70c3a2cdb751596f93376824c843ce32",
          "version": "2.7.2"
        }
      },
      {
        "package": "Kitura-CouchDB",
        "repositoryURL": "https://github.com/IBM-Swift/Kitura-CouchDB.git",
        "state": {
          "branch": null,
          "revision": "63cc919bbe3904c8e55eea821c1e7cbb1dda0c47",
          "version": "3.2.0"
        }
      },
      {
        "package": "Kitura-net",
        "repositoryURL": "https://github.com/IBM-Swift/Kitura-net.git",
        "state": {
          "branch": null,
          "revision": "5fc06b21e8e615147fa8341c249ae010a1b41fba",
          "version": "2.3.0"
        }
      },
      {
        "package": "Kitura-TemplateEngine",
        "repositoryURL": "https://github.com/IBM-Swift/Kitura-TemplateEngine.git",
        "state": {
          "branch": null,
          "revision": "d62d74bca48c6fb76f9fc1f48eeb2d7af415e80b",
          "version": "2.0.1"
        }
      },
      {
        "package": "Kitura-WebSocket",
        "repositoryURL": "https://github.com/IBM-Swift/Kitura-WebSocket.git",
        "state": {
          "branch": null,
          "revision": "2595b0a9a4579e7c4abc61c52c588c4fcf988232",
          "version": "2.1.2"
        }
      },
      {
        "package": "KituraContracts",
        "repositoryURL": "https://github.com/IBM-Swift/KituraContracts.git",
        "state": {
          "branch": null,
          "revision": "47d30e98281ea61cf1bfd4a0ecbd003121f1ca31",
          "version": "1.2.0"
        }
      },
      {
        "package": "LoggerAPI",
        "repositoryURL": "https://github.com/IBM-Swift/LoggerAPI.git",
        "state": {
          "branch": null,
          "revision": "3357dd9526cdf9436fa63bb792b669e6efdc43da",
          "version": "1.9.0"
        }
      },
      {
        "package": "omr-agentcore",
        "repositoryURL": "https://github.com/RuntimeTools/omr-agentcore",
        "state": {
          "branch": null,
          "revision": "5a2361ba1f005596a2bfa28de76ed4acf1e71c33",
          "version": "3.2.4-swift4"
        }
      },
      {
        "package": "OpenSSL",
        "repositoryURL": "https://github.com/IBM-Swift/OpenSSL.git",
        "state": {
          "branch": null,
          "revision": "6c7e2e3610037fbc05c0d846cec981518961d8bf",
          "version": "2.2.2"
        }
      },
      {
        "package": "CloudFoundryEnv",
        "repositoryURL": "https://github.com/IBM-Swift/Swift-cfenv.git",
        "state": {
          "branch": null,
          "revision": "b6625a49d65f83036f0e9922b7e9f2fa66cb623e",
          "version": "6.0.3"
        }
      },
      {
        "package": "swift-log",
        "repositoryURL": "https://github.com/apple/swift-log.git",
        "state": {
          "branch": null,
          "revision": "e8aabbe95db22e064ad42f1a4a9f8982664c70ed",
          "version": "1.1.1"
        }
      },
      {
        "package": "SwiftMetrics",
        "repositoryURL": "https://github.com/RuntimeTools/SwiftMetrics.git",
        "state": {
          "branch": null,
          "revision": "a8460c44d91ee25e0931be7792fed5e5c8a494a4",
          "version": "2.6.4"
        }
      },
      {
        "package": "TypeDecoder",
        "repositoryURL": "https://github.com/IBM-Swift/TypeDecoder.git",
        "state": {
          "branch": null,
          "revision": "39bb56b3b5c8ffb1b475c529fb1cfdb64e709a02",
          "version": "1.3.3"
        }
      }
    ]
  },
  "version": 1
}
